
Microsoft Visual Studio Solution File, Format Version 12.00
# Visual Studio Version 17
VisualStudioVersion = 17.0.31903.59
MinimumVisualStudioVersion = 10.0.40219.1
Project("{2150E333-8FDC-42A3-9474-1A3956D46DE8}") = "src", "src", "{9411F442-C834-43EA-BDF6-4F1E3E9272FF}"
EndProject
Project("{FAE04EC0-301F-11D3-BF4B-00C04F79EFBC}") = "AguiaBranca.Api", "src\AguiaBranca.Api\AguiaBranca.Api.csproj", "{27394D9F-7C70-4EEF-84C0-FED5ADB411E1}"
EndProject
Project("{FAE04EC0-301F-11D3-BF4B-00C04F79EFBC}") = "AguiaBranca.Application", "src\AguiaBranca.Application\AguiaBranca.Application.csproj", "{D986419A-D17C-44F0-BFE6-5E997887F9C3}"
EndProject
Project("{FAE04EC0-301F-11D3-BF4B-00C04F79EFBC}") = "AguiaBranca.Domain", "src\AguiaBranca.Domain\AguiaBranca.Domain.csproj", "{8E522F82-870A-4BD3-99B0-99B4046C29ED}"
EndProject
Project("{FAE04EC0-301F-11D3-BF4B-00C04F79EFBC}") = "AguiaBranca.Infrastructure", "src\AguiaBranca.Infrastructure\AguiaBranca.Infrastructure.csproj", "{BC1BD988-3A19-40CC-BB4D-F5BD75B1BCC3}"
EndProject
Project("{2150E333-8FDC-42A3-9474-1A3956D46DE8}") = "tests", "tests", "{04C2B5D5-0080-41BB-8AA1-82925F47CD0B}"
EndProject
Project("{FAE04EC0-301F-11D3-BF4B-00C04F79EFBC}") = "AguiaBranca.Api.Tests", "tests\AguiaBranca.Api.Tests\AguiaBranca.Api.Tests.csproj", "{B5B0CD4C-9B33-4C3D-97B2-BC4A866DC2BE}"
EndProject
Project("{FAE04EC0-301F-11D3-BF4B-00C04F79EFBC}") = "AguiaBranca.Application.Tests", "tests\AguiaBranca.Application.Tests\AguiaBranca.Application.Tests.csproj", "{EE9C5C37-6FA2-4CB6-8133-7F47DD59FEA5}"
EndProject
Project("{FAE04EC0-301F-11D3-BF4B-00C04F79EFBC}") = "AguiaBranca.Domain.Tests", "tests\AguiaBranca.Domain.Tests\AguiaBranca.Domain.Tests.csproj", "{B0142A54-0757-41D6-9461-0238B7F5F358}"
EndProject
Project("{FAE04EC0-301F-11D3-BF4B-00C04F79EFBC}") = "AguiaBranca.Infrastructure.Tests", "tests\AguiaBranca.Infrastructure.Tests\AguiaBranca.Infrastructure.Tests.csproj", "{DFF10EA0-D2BF-4C7E-A656-08EAF2B9D321}"
EndProject
Global
	GlobalSection(SolutionProperties) = preSolution
		HideSolutionNode = FALSE
	EndGlobalSection
	GlobalSection(SolutionConfigurationPlatforms) = preSolution
		Debug|Any CPU = Debug|Any CPU
		Debug|x64 = Debug|x64
		Debug|x86 = Debug|x86
		Release|Any CPU = Release|Any CPU
		Release|x64 = Release|x64
		Release|x86 = Release|x86
	EndGlobalSection
	GlobalSection(ProjectConfigurationPlatforms) = postSolution
		{27394D9F-7C70-4EEF-84C0-FED5ADB411E1}.Debug|Any CPU.ActiveCfg = Debug|Any CPU
		{27394D9F-7C70-4EEF-84C0-FED5ADB411E1}.Debug|Any CPU.Build.0 = Debug|Any CPU
		{27394D9F-7C70-4EEF-84C0-FED5ADB411E1}.Debug|x64.ActiveCfg = Debug|Any CPU
		{27394D9F-7C70-4EEF-84C0-FED5ADB411E1}.Debug|x64.Build.0 = Debug|Any CPU
		{27394D9F-7C70-4EEF-84C0-FED5ADB411E1}.Debug|x86.ActiveCfg = Debug|Any CPU
		{27394D9F-7C70-4EEF-84C0-FED5ADB411E1}.Debug|x86.Build.0 = Debug|Any CPU
		{27394D9F-7C70-4EEF-84C0-FED5ADB411E1}.Release|Any CPU.ActiveCfg = Release|Any CPU
		{27394D9F-7C70-4EEF-84C0-FED5ADB411E1}.Release|Any CPU.Build.0 = Release|Any CPU
		{27394D9F-7C70-4EEF-84C0-FED5ADB411E1}.Release|x64.ActiveCfg = Release|Any CPU
		{27394D9F-7C70-4EEF-84C0-FED5ADB411E1}.Release|x64.Build.0 = Release|Any CPU
		{27394D9F-7C70-4EEF-84C0-FED5ADB411E1}.Release|x86.ActiveCfg = Release|Any CPU
		{27394D9F-7C70-4EEF-84C0-FED5ADB411E1}.Release|x86.Build.0 = Release|Any CPU
		{D986419A-D17C-44F0-BFE6-5E997887F9C3}.Debug|Any CPU.ActiveCfg = Debug|Any CPU
		{D986419A-D17C-44F0-BFE6-5E997887F9C3}.Debug|Any CPU.Build.0 = Debug|Any CPU
		{D986419A-D17C-44F0-BFE6-5E997887F9C3}.Debug|x64.ActiveCfg = Debug|Any CPU
		{D986419A-D17C-44F0-BFE6-5E997887F9C3}.Debug|x64.Build.0 = Debug|Any CPU
		{D986419A-D17C-44F0-BFE6-5E997887F9C3}.Debug|x86.ActiveCfg = Debug|Any CPU
		{D986419A-D17C-44F0-BFE6-5E997887F9C3}.Debug|x86.Build.0 = Debug|Any CPU
		{D986419A-D17C-44F0-BFE6-5E997887F9C3}.Release|Any CPU.ActiveCfg = Release|Any CPU
		{D986419A-D17C-44F0-BFE6-5E997887F9C3}.Release|Any CPU.Build.0 = Release|Any CPU
		{D986419A-D17C-44F0-BFE6-5E997887F9C3}.Release|x64.ActiveCfg = Release|Any CPU
		{D986419A-D17C-44F0-BFE6-5E997887F9C3}.Release|x64.Build.0 = Release|Any CPU
		{D986419A-D17C-44F0-BFE6-5E997887F9C3}.Release|x86.ActiveCfg = Release|Any CPU
		{D986419A-D17C-44F0-BFE6-5E997887F9C3}.Release|x86.Build.0 = Release|Any CPU
		{8E522F82-870A-4BD3-99B0-99B4046C29ED}.Debug|Any CPU.ActiveCfg = Debug|Any CPU
		{8E522F82-870A-4BD3-99B0-99B4046C29ED}.Debug|Any CPU.Build.0 = Debug|Any CPU
		{8E522F82-870A-4BD3-99B0-99B4046C29ED}.Debug|x64.ActiveCfg = Debug|Any CPU
		{8E522F82-870A-4BD3-99B0-99B4046C29ED}.Debug|x64.Build.0 = Debug|Any CPU
		{8E522F82-870A-4BD3-99B0-99B4046C29ED}.Debug|x86.ActiveCfg = Debug|Any CPU
		{8E522F82-870A-4BD3-99B0-99B4046C29ED}.Debug|x86.Build.0 = Debug|Any CPU
		{8E522F82-870A-4BD3-99B0-99B4046C29ED}.Release|Any CPU.ActiveCfg = Release|Any CPU
		{8E522F82-870A-4BD3-99B0-99B4046C29ED}.Release|Any CPU.Build.0 = Release|Any CPU
		{8E522F82-870A-4BD3-99B0-99B4046C29ED}.Release|x64.ActiveCfg = Release|Any CPU
		{8E522F82-870A-4BD3-99B0-99B4046C29ED}.Release|x64.Build.0 = Release|Any CPU
		{8E522F82-870A-4BD3-99B0-99B4046C29ED}.Release|x86.ActiveCfg = Release|Any CPU
		{8E522F82-870A-4BD3-99B0-99B4046C29ED}.Release|x86.Build.0 = Release|Any CPU
		{BC1BD988-3A19-40CC-BB4D-F5BD75B1BCC3}.Debug|Any CPU.ActiveCfg = Debug|Any CPU
		{BC1BD988-3A19-40CC-BB4D-F5BD75B1BCC3}.Debug|Any CPU.Build.0 = Debug|Any CPU
		{BC1BD988-3A19-40CC-BB4D-F5BD75B1BCC3}.Debug|x64.ActiveCfg = Debug|Any CPU
		{BC1BD988-3A19-40CC-BB4D-F5BD75B1BCC3}.Debug|x64.Build.0 = Debug|Any CPU
		{BC1BD988-3A19-40CC-BB4D-F5BD75B1BCC3}.Debug|x86.ActiveCfg = Debug|Any CPU
		{BC1BD988-3A19-40CC-BB4D-F5BD75B1BCC3}.Debug|x86.Build.0 = Debug|Any CPU
		{BC1BD988-3A19-40CC-BB4D-F5BD75B1BCC3}.Release|Any CPU.ActiveCfg = Release|Any CPU
		{BC1BD988-3A19-40CC-BB4D-F5BD75B1BCC3}.Release|Any CPU.Build.0 = Release|Any CPU
		{BC1BD988-3A19-40CC-BB4D-F5BD75B1BCC3}.Release|x64.ActiveCfg = Release|Any CPU
		{BC1BD988-3A19-40CC-BB4D-F5BD75B1BCC3}.Release|x64.Build.0 = Release|Any CPU
		{BC1BD988-3A19-40CC-BB4D-F5BD75B1BCC3}.Release|x86.ActiveCfg = Release|Any CPU
		{BC1BD988-3A19-40CC-BB4D-F5BD75B1BCC3}.Release|x86.Build.0 = Release|Any CPU
		{B5B0CD4C-9B33-4C3D-97B2-BC4A866DC2BE}.Debug|Any CPU.ActiveCfg = Debug|Any CPU
		{B5B0CD4C-9B33-4C3D-97B2-BC4A866DC2BE}.Debug|Any CPU.Build.0 = Debug|Any CPU
		{B5B0CD4C-9B33-4C3D-97B2-BC4A866DC2BE}.Debug|x64.ActiveCfg = Debug|Any CPU
		{B5B0CD4C-9B33-4C3D-97B2-BC4A866DC2BE}.Debug|x64.Build.0 = Debug|Any CPU
		{B5B0CD4C-9B33-4C3D-97B2-BC4A866DC2BE}.Debug|x86.ActiveCfg = Debug|Any CPU
		{B5B0CD4C-9B33-4C3D-97B2-BC4A866DC2BE}.Debug|x86.Build.0 = Debug|Any CPU
		{B5B0CD4C-9B33-4C3D-97B2-BC4A866DC2BE}.Release|Any CPU.ActiveCfg = Release|Any CPU
		{B5B0CD4C-9B33-4C3D-97B2-BC4A866DC2BE}.Release|Any CPU.Build.0 = Release|Any CPU
		{B5B0CD4C-9B33-4C3D-97B2-BC4A866DC2BE}.Release|x64.ActiveCfg = Release|Any CPU
		{B5B0CD4C-9B33-4C3D-97B2-BC4A866DC2BE}.Release|x64.Build.0 = Release|Any CPU
		{B5B0CD4C-9B33-4C3D-97B2-BC4A866DC2BE}.Release|x86.ActiveCfg = Release|Any CPU
		{B5B0CD4C-9B33-4C3D-97B2-BC4A866DC2BE}.Release|x86.Build.0 = Release|Any CPU
		{EE9C5C37-6FA2-4CB6-8133-7F47DD59FEA5}.Debug|Any CPU.ActiveCfg = Debug|Any CPU
		{EE9C5C37-6FA2-4CB6-8133-7F47DD59FEA5}.Debug|Any CPU.Build.0 = Debug|Any CPU
		{EE9C5C37-6FA2-4CB6-8133-7F47DD59FEA5}.Debug|x64.ActiveCfg = Debug|Any CPU
		{EE9C5C37-6FA2-4CB6-8133-7F47DD59FEA5}.Debug|x64.Build.0 = Debug|Any CPU
		{EE9C5C37-6FA2-4CB6-8133-7F47DD59FEA5}.Debug|x86.ActiveCfg = Debug|Any CPU
		{EE9C5C37-6FA2-4CB6-8133-7F47DD59FEA5}.Debug|x86.Build.0 = Debug|Any CPU
		{EE9C5C37-6FA2-4CB6-8133-7F47DD59FEA5}.Release|Any CPU.ActiveCfg = Release|Any CPU
		{EE9C5C37-6FA2-4CB6-8133-7F47DD59FEA5}.Release|Any CPU.Build.0 = Release|Any CPU
		{EE9C5C37-6FA2-4CB6-8133-7F47DD59FEA5}.Release|x64.ActiveCfg = Release|Any CPU
		{EE9C5C37-6FA2-4CB6-8133-7F47DD59FEA5}.Release|x64.Build.0 = Release|Any CPU
		{EE9C5C37-6FA2-4CB6-8133-7F47DD59FEA5}.Release|x86.ActiveCfg = Release|Any CPU
		{EE9C5C37-6FA2-4CB6-8133-7F47DD59FEA5}.Release|x86.Build.0 = Release|Any CPU
		{B0142A54-0757-41D6-9461-0238B7F5F358}.Debug|Any CPU.ActiveCfg = Debug|Any CPU
		{B0142A54-0757-41D6-9461-0238B7F5F358}.Debug|Any CPU.Build.0 = Debug|Any CPU
		{B0142A54-0757-41D6-9461-0238B7F5F358}.Debug|x64.ActiveCfg = Debug|Any CPU
		{B0142A54-0757-41D6-9461-0238B7F5F358}.Debug|x64.Build.0 = Debug|Any CPU
		{B0142A54-0757-41D6-9461-0238B7F5F358}.Debug|x86.ActiveCfg = Debug|Any CPU
		{B0142A54-0757-41D6-9461-0238B7F5F358}.Debug|x86.Build.0 = Debug|Any CPU
		{B0142A54-0757-41D6-9461-0238B7F5F358}.Release|Any CPU.ActiveCfg = Release|Any CPU
		{B0142A54-0757-41D6-9461-0238B7F5F358}.Release|Any CPU.Build.0 = Release|Any CPU
		{B0142A54-0757-41D6-9461-0238B7F5F358}.Release|x64.ActiveCfg = Release|Any CPU
		{B0142A54-0757-41D6-9461-0238B7F5F358}.Release|x64.Build.0 = Release|Any CPU
		{B0142A54-0757-41D6-9461-0238B7F5F358}.Release|x86.ActiveCfg = Release|Any CPU
		{B0142A54-0757-41D6-9461-0238B7F5F358}.Release|x86.Build.0 = Release|Any CPU
		{DFF10EA0-D2BF-4C7E-A656-08EAF2B9D321}.Debug|Any CPU.ActiveCfg = Debug|Any CPU
		{DFF10EA0-D2BF-4C7E-A656-08EAF2B9D321}.Debug|Any CPU.Build.0 = Debug|Any CPU
		{DFF10EA0-D2BF-4C7E-A656-08EAF2B9D321}.Debug|x64.ActiveCfg = Debug|Any CPU
		{DFF10EA0-D2BF-4C7E-A656-08EAF2B9D321}.Debug|x64.Build.0 = Debug|Any CPU
		{DFF10EA0-D2BF-4C7E-A656-08EAF2B9D321}.Debug|x86.ActiveCfg = Debug|Any CPU
		{DFF10EA0-D2BF-4C7E-A656-08EAF2B9D321}.Debug|x86.Build.0 = Debug|Any CPU
		{DFF10EA0-D2BF-4C7E-A656-08EAF2B9D321}.Release|Any CPU.ActiveCfg = Release|Any CPU
		{DFF10EA0-D2BF-4C7E-A656-08EAF2B9D321}.Release|Any CPU.Build.0 = Release|Any CPU
		{DFF10EA0-D2BF-4C7E-A656-08EAF2B9D321}.Release|x64.ActiveCfg = Release|Any CPU
		{DFF10EA0-D2BF-4C7E-A656-08EAF2B9D321}.Release|x64.Build.0 = Release|Any CPU
		{DFF10EA0-D2BF-4C7E-A656-08EAF2B9D321}.Release|x86.ActiveCfg = Release|Any CPU
		{DFF10EA0-D2BF-4C7E-A656-08EAF2B9D321}.Release|x86.Build.0 = Release|Any CPU
	EndGlobalSection
	GlobalSection(NestedProjects) = preSolution
		{27394D9F-7C70-4EEF-84C0-FED5ADB411E1} = {9411F442-C834-43EA-BDF6-4F1E3E9272FF}
		{D986419A-D17C-44F0-BFE6-5E997887F9C3} = {9411F442-C834-43EA-BDF6-4F1E3E9272FF}
		{8E522F82-870A-4BD3-99B0-99B4046C29ED} = {9411F442-C834-43EA-BDF6-4F1E3E9272FF}
		{BC1BD988-3A19-40CC-BB4D-F5BD75B1BCC3} = {9411F442-C834-43EA-BDF6-4F1E3E9272FF}
		{B5B0CD4C-9B33-4C3D-97B2-BC4A866DC2BE} = {04C2B5D5-0080-41BB-8AA1-82925F47CD0B}
		{EE9C5C37-6FA2-4CB6-8133-7F47DD59FEA5} = {04C2B5D5-0080-41BB-8AA1-82925F47CD0B}
		{B0142A54-0757-41D6-9461-0238B7F5F358} = {04C2B5D5-0080-41BB-8AA1-82925F47CD0B}
		{DFF10EA0-D2BF-4C7E-A656-08EAF2B9D321} = {04C2B5D5-0080-41BB-8AA1-82925F47CD0B}
	EndGlobalSection
EndGlobal
